
Microsoft Visual Studio Solution File, Format Version 12.00
# Visual Studio Version 17
VisualStudioVersion = 17.7.34024.191
MinimumVisualStudioVersion = 10.0.40219.1
Project("{FAE04EC0-301F-11D3-BF4B-00C04F79EFBC}") = "N09310002", "N09310002\N09310002.csproj", "{D9AEC7F4-345D-43F5-80FA-23D48BCC40E8}"
EndProject
Global
	GlobalSection(SolutionConfigurationPlatforms) = preSolution
		Debug|Any CPU = Debug|Any CPU
		Release|Any CPU = Release|Any CPU
	EndGlobalSection
	GlobalSection(ProjectConfigurationPlatforms) = postSolution
		{D9AEC7F4-345D-43F5-80FA-23D48BCC40E8}.Debug|Any CPU.ActiveCfg = Debug|Any CPU
		{D9AEC7F4-345D-43F5-80FA-23D48BCC40E8}.Debug|Any CPU.Build.0 = Debug|Any CPU
		{D9AEC7F4-345D-43F5-80FA-23D48BCC40E8}.Release|Any CPU.ActiveCfg = Release|Any CPU
		{D9AEC7F4-345D-43F5-80FA-23D48BCC40E8}.Release|Any CPU.Build.0 = Release|Any CPU
	EndGlobalSection
	GlobalSection(SolutionProperties) = preSolution
		HideSolutionNode = FALSE
	EndGlobalSection
	GlobalSection(ExtensibilityGlobals) = postSolution
		SolutionGuid = {14BC9BF8-A530-4326-AA6A-CD2F4E4E630D}
	EndGlobalSection
EndGlobal
